
Microsoft Visual Studio Solution File, Format Version 12.00
# Visual Studio Version 17
VisualStudioVersion = 17.0.31912.275
MinimumVisualStudioVersion = 10.0.40219.1
Project("{8BC9CEB8-8B4A-11D0-8D11-00A0C91BC942}") = "2021CG_Lab3_110522089", "2021CG_Lab3_110522089.vcxproj", "{F244E2FE-1D75-4D79-869B-F6DE5786B51C}"
EndProject
Global
	GlobalSection(SolutionConfigurationPlatforms) = preSolution
		Debug|x64 = Debug|x64
		Debug|x86 = Debug|x86
		Release|x64 = Release|x64
		Release|x86 = Release|x86
	EndGlobalSection
	GlobalSection(ProjectConfigurationPlatforms) = postSolution
		{F244E2FE-1D75-4D79-869B-F6DE5786B51C}.Debug|x64.ActiveCfg = Debug|x64
		{F244E2FE-1D75-4D79-869B-F6DE5786B51C}.Debug|x64.Build.0 = Debug|x64
		{F244E2FE-1D75-4D79-869B-F6DE5786B51C}.Debug|x86.ActiveCfg = Debug|Win32
		{F244E2FE-1D75-4D79-869B-F6DE5786B51C}.Debug|x86.Build.0 = Debug|Win32
		{F244E2FE-1D75-4D79-869B-F6DE5786B51C}.Release|x64.ActiveCfg = Release|x64
		{F244E2FE-1D75-4D79-869B-F6DE5786B51C}.Release|x64.Build.0 = Release|x64
		{F244E2FE-1D75-4D79-869B-F6DE5786B51C}.Release|x86.ActiveCfg = Release|Win32
		{F244E2FE-1D75-4D79-869B-F6DE5786B51C}.Release|x86.Build.0 = Release|Win32
	EndGlobalSection
	GlobalSection(SolutionProperties) = preSolution
		HideSolutionNode = FALSE
	EndGlobalSection
	GlobalSection(ExtensibilityGlobals) = postSolution
		SolutionGuid = {7DCBE24C-8A2E-4BB7-85BD-95E2196D632D}
	EndGlobalSection
EndGlobal
