<?xml version="1.0" encoding="utf-8"?>
<Project ToolsVersion="4.0" xmlns="http://schemas.microsoft.com/developer/msbuild/2003">
  <ItemGroup>
    <Filter Include="來源檔案">
      <UniqueIdentifier>{4FC737F1-C7A5-4376-A066-2A32D752A2FF}</UniqueIdentifier>
      <Extensions>cpp;c;cc;cxx;c++;cppm;ixx;def;odl;idl;hpj;bat;asm;asmx</Extensions>
    </Filter>
    <Filter Include="標頭檔">
      <UniqueIdentifier>{93995380-89BD-4b04-88EB-625FBE52EBFB}</UniqueIdentifier>
      <Extensions>h;hh;hpp;hxx;h++;hm;inl;inc;ipp;xsd</Extensions>
    </Filter>
    <Filter Include="資源檔">
      <UniqueIdentifier>{67DA6AB6-F800-4c08-8B7A-83BB121AAD01}</UniqueIdentifier>
      <Extensions>rc;ico;cur;bmp;dlg;rc2;rct;bin;rgs;gif;jpg;jpeg;jpe;resx;tiff;tif;png;wav;mfcribbon-ms</Extensions>
    </Filter>
  </ItemGroup>
  <ItemGroup>
    <None Include="packages.config" />
  </ItemGroup>
  <ItemGroup>
    <CopyFileToFolders Include="resources\asc\teapot.asc" />
    <CopyFileToFolders Include="resources\asc\bench.asc" />
    <CopyFileToFolders Include="resources\asc\cube.asc" />
    <CopyFileToFolders Include="resources\asc\drop.asc" />
    <CopyFileToFolders Include="resources\asc\glass.asc" />
    <CopyFileToFolders Include="resources\asc\Grid4x4.asc" />
    <CopyFileToFolders Include="resources\asc\skull.asc" />
    <CopyFileToFolders Include="resources\input\lab4A.in" />
    <CopyFileToFolders Include="resources\input\lab4B.in" />
    <CopyFileToFolders Include="resources\input\lab4C.in" />
    <CopyFileToFolders Include="resources\input\lab4D.in" />
  </ItemGroup>
  <ItemGroup>
    <ClCompile Include="src\draw\command\Command.cpp">
      <Filter>來源檔案</Filter>
    </ClCompile>
    <ClCompile Include="src\draw\matrix\eye\EyeMatrix.cpp">
      <Filter>來源檔案</Filter>
    </ClCompile>
    <ClCompile Include="src\draw\matrix\eye\GeneralRotationMatrix.cpp">
      <Filter>來源檔案</Filter>
    </ClCompile>
    <ClCompile Include="src\draw\matrix\eye\MirrorMatrix.cpp">
      <Filter>來源檔案</Filter>
    </ClCompile>
    <ClCompile Include="src\draw\matrix\eye\TiltMatrix.cpp">
      <Filter>來源檔案</Filter>
    </ClCompile>
    <ClCompile Include="src\draw\matrix\projection\ProjectionMatrix.cpp">
      <Filter>來源檔案</Filter>
    </ClCompile>
    <ClCompile Include="src\draw\matrix\transform\TransformMatrix.cpp">
      <Filter>來源檔案</Filter>
    </ClCompile>
    <ClCompile Include="src\draw\matrix\Matrix.cpp">
      <Filter>來源檔案</Filter>
    </ClCompile>
    <ClCompile Include="src\draw\object\Blueprint.cpp">
      <Filter>來源檔案</Filter>
    </ClCompile>
    <ClCompile Include="src\draw\object\Object.cpp">
      <Filter>來源檔案</Filter>
    </ClCompile>
    <ClCompile Include="src\draw\reader\Reader.cpp">
      <Filter>來源檔案</Filter>
    </ClCompile>
    <ClCompile Include="src\draw\transform\Rotate.cpp">
      <Filter>來源檔案</Filter>
    </ClCompile>
    <ClCompile Include="src\draw\transform\Scale.cpp">
      <Filter>來源檔案</Filter>
    </ClCompile>
    <ClCompile Include="src\draw\transform\Transform.cpp">
      <Filter>來源檔案</Filter>
    </ClCompile>
    <ClCompile Include="src\draw\transform\Translate.cpp">
      <Filter>來源檔案</Filter>
    </ClCompile>
    <ClCompile Include="src\draw\util\Angle.cpp">
      <Filter>來源檔案</Filter>
    </ClCompile>
    <ClCompile Include="src\draw\view\Observer.cpp">
      <Filter>來源檔案</Filter>
    </ClCompile>
    <ClCompile Include="src\draw\view\ViewPort.cpp">
      <Filter>來源檔案</Filter>
    </ClCompile>
    <ClCompile Include="src\draw\Point.cpp">
      <Filter>來源檔案</Filter>
    </ClCompile>
    <ClCompile Include="src\Main.cpp">
      <Filter>來源檔案</Filter>
    </ClCompile>
    <ClCompile Include="src\draw\view\Light.cpp">
      <Filter>來源檔案</Filter>
    </ClCompile>
    <ClCompile Include="src\draw\color\Color.cpp">
      <Filter>來源檔案</Filter>
    </ClCompile>
    <ClCompile Include="src\draw\view\Shade.cpp">
      <Filter>來源檔案</Filter>
    </ClCompile>
    <ClCompile Include="src\draw\object\Polygon.cpp">
      <Filter>來源檔案</Filter>
    </ClCompile>
    <ClCompile Include="src\draw\view\Scene.cpp">
      <Filter>來源檔案</Filter>
    </ClCompile>
  </ItemGroup>
  <ItemGroup>
    <ClInclude Include="src\draw\command\Command.h">
      <Filter>標頭檔</Filter>
    </ClInclude>
    <ClInclude Include="src\draw\command\CommandType.h">
      <Filter>標頭檔</Filter>
    </ClInclude>
    <ClInclude Include="src\draw\matrix\eye\EyeMatrix.h">
      <Filter>標頭檔</Filter>
    </ClInclude>
    <ClInclude Include="src\draw\matrix\eye\GeneralRotationMatrix.h">
      <Filter>標頭檔</Filter>
    </ClInclude>
    <ClInclude Include="src\draw\matrix\eye\MirrorMatrix.h">
      <Filter>標頭檔</Filter>
    </ClInclude>
    <ClInclude Include="src\draw\matrix\eye\TiltMatrix.h">
      <Filter>標頭檔</Filter>
    </ClInclude>
    <ClInclude Include="src\draw\matrix\projection\ProjectionMatrix.h">
      <Filter>標頭檔</Filter>
    </ClInclude>
    <ClInclude Include="src\draw\matrix\transform\TransformMatrix.h">
      <Filter>標頭檔</Filter>
    </ClInclude>
    <ClInclude Include="src\draw\matrix\Matrix.h">
      <Filter>標頭檔</Filter>
    </ClInclude>
    <ClInclude Include="src\draw\object\Blueprint.h">
      <Filter>標頭檔</Filter>
    </ClInclude>
    <ClInclude Include="src\draw\object\Object.h">
      <Filter>標頭檔</Filter>
    </ClInclude>
    <ClInclude Include="src\draw\reader\Reader.h">
      <Filter>標頭檔</Filter>
    </ClInclude>
    <ClInclude Include="src\draw\transform\Rotate.h">
      <Filter>標頭檔</Filter>
    </ClInclude>
    <ClInclude Include="src\draw\transform\Scale.h">
      <Filter>標頭檔</Filter>
    </ClInclude>
    <ClInclude Include="src\draw\transform\Transform.h">
      <Filter>標頭檔</Filter>
    </ClInclude>
    <ClInclude Include="src\draw\transform\Translate.h">
      <Filter>標頭檔</Filter>
    </ClInclude>
    <ClInclude Include="src\draw\util\Angle.h">
      <Filter>標頭檔</Filter>
    </ClInclude>
    <ClInclude Include="src\draw\util\Axis.h">
      <Filter>標頭檔</Filter>
    </ClInclude>
    <ClInclude Include="src\draw\util\Util.h">
      <Filter>標頭檔</Filter>
    </ClInclude>
    <ClInclude Include="src\draw\view\Observer.h">
      <Filter>標頭檔</Filter>
    </ClInclude>
    <ClInclude Include="src\draw\view\ViewPort.h">
      <Filter>標頭檔</Filter>
    </ClInclude>
    <ClInclude Include="src\draw\Point.h">
      <Filter>標頭檔</Filter>
    </ClInclude>
    <ClInclude Include="src\Main.h">
      <Filter>標頭檔</Filter>
    </ClInclude>
    <ClInclude Include="src\draw\view\Light.h">
      <Filter>標頭檔</Filter>
    </ClInclude>
    <ClInclude Include="src\draw\color\Color.h">
      <Filter>標頭檔</Filter>
    </ClInclude>
    <ClInclude Include="src\draw\view\Shade.h">
      <Filter>標頭檔</Filter>
    </ClInclude>
    <ClInclude Include="src\draw\object\Polygon.h">
      <Filter>標頭檔</Filter>
    </ClInclude>
    <ClInclude Include="src\draw\view\Scene.h">
      <Filter>標頭檔</Filter>
    </ClInclude>
    <ClInclude Include="src\draw\util\RotationType.h">
      <Filter>標頭檔</Filter>
    </ClInclude>
  </ItemGroup>
</Project>